Microsoft Visual Studio Solution File, Format Version 11.00
# Visual Studio 2012
Project("{7A25972C-665D-5546-6626-ED9C4B9FCDB0}") = "Livecut", "Livecut.vcxproj", "{D99C8971-135C-4B8D-1AB4-FAA90C2ED369}"
EndProject
Global
	GlobalSection(SolutionConfigurationPlatforms) = preSolution
		Debug|Win32 = Debug|Win32
		Release|Win32 = Release|Win32
	EndGlobalSection
	GlobalSection(ProjectConfigurationPlatforms) = postSolution
		{D99C8971-135C-4B8D-1AB4-FAA90C2ED369}.Debug|Win32.ActiveCfg = Debug|Win32
		{D99C8971-135C-4B8D-1AB4-FAA90C2ED369}.Debug|Win32.Build.0 = Debug|Win32
		{D99C8971-135C-4B8D-1AB4-FAA90C2ED369}.Release|Win32.ActiveCfg = Release|Win32
		{D99C8971-135C-4B8D-1AB4-FAA90C2ED369}.Release|Win32.Build.0 = Release|Win32
	EndGlobalSection
	GlobalSection(SolutionProperties) = preSolution
		HideSolutionNode = FALSE
	EndGlobalSection
EndGlobal
